
Microsoft Visual Studio Solution File, Format Version 12.00
# Visual Studio Version 17
VisualStudioVersion = 17.1.32210.238
MinimumVisualStudioVersion = 10.0.40219.1
Project("{9A19103F-16F7-4668-BE54-9A1E7A4F7556}") = "S1_SOLID", "S1_SOLID\S1_SOLID.csproj", "{3CAC3A95-3890-4F71-BC4E-6348125E3BEB}"
EndProject
Project("{2150E333-8FDC-42A3-9474-1A3956D46DE8}") = "Creational", "Creational", "{3A129DEC-5A81-4032-814C-E744071DEE27}"
EndProject
Project("{2150E333-8FDC-42A3-9474-1A3956D46DE8}") = "Structural", "Structural", "{FC040A80-992C-424F-9DA6-7B7AAA99CAF0}"
EndProject
Project("{2150E333-8FDC-42A3-9474-1A3956D46DE8}") = "Behavioral", "Behavioral", "{3F12476B-F429-4225-BD03-03BAADF093FE}"
EndProject
Project("{9A19103F-16F7-4668-BE54-9A1E7A4F7556}") = "Strategy", "Behavioral\Strategy\Strategy.csproj", "{4D1EB4C3-638F-4A04-811C-24014CAEC2D0}"
EndProject
Project("{9A19103F-16F7-4668-BE54-9A1E7A4F7556}") = "Observer", "Behavioral\Observer\Observer.csproj", "{FA3ED50F-B4CE-4A6B-A8D8-9748415AC449}"
EndProject
Project("{9A19103F-16F7-4668-BE54-9A1E7A4F7556}") = "Decorator", "Structural\Decorator\Decorator.csproj", "{6B88B471-D8E8-42D2-AF94-BFA7CED9B592}"
EndProject
Project("{FAE04EC0-301F-11D3-BF4B-00C04F79EFBC}") = "FactoryMethod", "Creational\FactoryMethod\FactoryMethod.csproj", "{CA919647-5A41-4C01-B333-51EFF7B9783E}"
EndProject
Project("{FAE04EC0-301F-11D3-BF4B-00C04F79EFBC}") = "AbstractFactory", "Creational\AbstractFactory\AbstractFactory.csproj", "{9FAB2855-006D-4112-9A2A-75F63ADD4CB6}"
EndProject
Project("{FAE04EC0-301F-11D3-BF4B-00C04F79EFBC}") = "Command", "Behavioral\Command\Command.csproj", "{D7069055-A319-4157-84BF-17F35E46B082}"
EndProject
Global
	GlobalSection(SolutionConfigurationPlatforms) = preSolution
		Debug|Any CPU = Debug|Any CPU
		Release|Any CPU = Release|Any CPU
	EndGlobalSection
	GlobalSection(ProjectConfigurationPlatforms) = postSolution
		{3CAC3A95-3890-4F71-BC4E-6348125E3BEB}.Debug|Any CPU.ActiveCfg = Debug|Any CPU
		{3CAC3A95-3890-4F71-BC4E-6348125E3BEB}.Debug|Any CPU.Build.0 = Debug|Any CPU
		{3CAC3A95-3890-4F71-BC4E-6348125E3BEB}.Release|Any CPU.ActiveCfg = Release|Any CPU
		{3CAC3A95-3890-4F71-BC4E-6348125E3BEB}.Release|Any CPU.Build.0 = Release|Any CPU
		{4D1EB4C3-638F-4A04-811C-24014CAEC2D0}.Debug|Any CPU.ActiveCfg = Debug|Any CPU
		{4D1EB4C3-638F-4A04-811C-24014CAEC2D0}.Debug|Any CPU.Build.0 = Debug|Any CPU
		{4D1EB4C3-638F-4A04-811C-24014CAEC2D0}.Release|Any CPU.ActiveCfg = Release|Any CPU
		{4D1EB4C3-638F-4A04-811C-24014CAEC2D0}.Release|Any CPU.Build.0 = Release|Any CPU
		{FA3ED50F-B4CE-4A6B-A8D8-9748415AC449}.Debug|Any CPU.ActiveCfg = Debug|Any CPU
		{FA3ED50F-B4CE-4A6B-A8D8-9748415AC449}.Debug|Any CPU.Build.0 = Debug|Any CPU
		{FA3ED50F-B4CE-4A6B-A8D8-9748415AC449}.Release|Any CPU.ActiveCfg = Release|Any CPU
		{FA3ED50F-B4CE-4A6B-A8D8-9748415AC449}.Release|Any CPU.Build.0 = Release|Any CPU
		{6B88B471-D8E8-42D2-AF94-BFA7CED9B592}.Debug|Any CPU.ActiveCfg = Debug|Any CPU
		{6B88B471-D8E8-42D2-AF94-BFA7CED9B592}.Debug|Any CPU.Build.0 = Debug|Any CPU
		{6B88B471-D8E8-42D2-AF94-BFA7CED9B592}.Release|Any CPU.ActiveCfg = Release|Any CPU
		{6B88B471-D8E8-42D2-AF94-BFA7CED9B592}.Release|Any CPU.Build.0 = Release|Any CPU
		{CA919647-5A41-4C01-B333-51EFF7B9783E}.Debug|Any CPU.ActiveCfg = Debug|Any CPU
		{CA919647-5A41-4C01-B333-51EFF7B9783E}.Debug|Any CPU.Build.0 = Debug|Any CPU
		{CA919647-5A41-4C01-B333-51EFF7B9783E}.Release|Any CPU.ActiveCfg = Release|Any CPU
		{CA919647-5A41-4C01-B333-51EFF7B9783E}.Release|Any CPU.Build.0 = Release|Any CPU
		{9FAB2855-006D-4112-9A2A-75F63ADD4CB6}.Debug|Any CPU.ActiveCfg = Debug|Any CPU
		{9FAB2855-006D-4112-9A2A-75F63ADD4CB6}.Debug|Any CPU.Build.0 = Debug|Any CPU
		{9FAB2855-006D-4112-9A2A-75F63ADD4CB6}.Release|Any CPU.ActiveCfg = Release|Any CPU
		{9FAB2855-006D-4112-9A2A-75F63ADD4CB6}.Release|Any CPU.Build.0 = Release|Any CPU
		{D7069055-A319-4157-84BF-17F35E46B082}.Debug|Any CPU.ActiveCfg = Debug|Any CPU
		{D7069055-A319-4157-84BF-17F35E46B082}.Debug|Any CPU.Build.0 = Debug|Any CPU
		{D7069055-A319-4157-84BF-17F35E46B082}.Release|Any CPU.ActiveCfg = Release|Any CPU
		{D7069055-A319-4157-84BF-17F35E46B082}.Release|Any CPU.Build.0 = Release|Any CPU
	EndGlobalSection
	GlobalSection(SolutionProperties) = preSolution
		HideSolutionNode = FALSE
	EndGlobalSection
	GlobalSection(NestedProjects) = preSolution
		{4D1EB4C3-638F-4A04-811C-24014CAEC2D0} = {3F12476B-F429-4225-BD03-03BAADF093FE}
		{FA3ED50F-B4CE-4A6B-A8D8-9748415AC449} = {3F12476B-F429-4225-BD03-03BAADF093FE}
		{6B88B471-D8E8-42D2-AF94-BFA7CED9B592} = {FC040A80-992C-424F-9DA6-7B7AAA99CAF0}
		{CA919647-5A41-4C01-B333-51EFF7B9783E} = {3A129DEC-5A81-4032-814C-E744071DEE27}
		{9FAB2855-006D-4112-9A2A-75F63ADD4CB6} = {3A129DEC-5A81-4032-814C-E744071DEE27}
		{D7069055-A319-4157-84BF-17F35E46B082} = {3F12476B-F429-4225-BD03-03BAADF093FE}
	EndGlobalSection
	GlobalSection(ExtensibilityGlobals) = postSolution
		SolutionGuid = {2A26F316-0826-4C7A-A12A-85A6FFDBAE96}
	EndGlobalSection
EndGlobal
